<?xml version="1.0" encoding="utf-8"?>
<Project ToolsVersion="4.0" xmlns="http://schemas.microsoft.com/developer/msbuild/2003">
  <ItemGroup>
    <Filter Include="include">
      <UniqueIdentifier>{651ca337-f7aa-4ba9-ae10-058a39c11177}</UniqueIdentifier>
    </Filter>
    <Filter Include="src">
      <UniqueIdentifier>{4FC737F1-C7A5-4376-A066-2A32D752A2FF}</UniqueIdentifier>
      <Extensions>cpp;c;cc;cxx;def;odl;idl;hpj;bat;asm;asmx</Extensions>
    </Filter>
  </ItemGroup>
  <ItemGroup>
    <ClCompile Include="thread.cc">
      <Filter>src</Filter>
    </ClCompile>
    <ClCompile Include="main.cc">
      <Filter>src</Filter>
    </ClCompile>
    <ClCompile Include="future.cc">
      <Filter>src</Filter>
    </ClCompile>
    <ClCompile Include="lambda.cc">
      <Filter>src</Filter>
    </ClCompile>
    <ClCompile Include="math.cc">
      <Filter>src</Filter>
    </ClCompile>
    <ClCompile Include="bloomfilter.cc">
      <Filter>src</Filter>
    </ClCompile>
  </ItemGroup>
  <ItemGroup>
    <ClInclude Include="test_common.h">
      <Filter>include</Filter>
    </ClInclude>
  </ItemGroup>
</Project>